
Microsoft Visual Studio Solution File, Format Version 12.00
# Visual Studio 2012
Project("{FAE04EC0-301F-11D3-BF4B-00C04F79EFBC}") = "Threads.Runner", "Threads.Runner\Threads.Runner.csproj", "{C72C4FF1-C718-44B5-A384-AD5E79D6D575}"
EndProject
Project("{FAE04EC0-301F-11D3-BF4B-00C04F79EFBC}") = "Threads.APM", "Threads.APM\Threads.APM.csproj", "{D2CD5E6A-ADE3-40D6-B52D-E1B7EE8B1FE9}"
EndProject
Project("{FAE04EC0-301F-11D3-BF4B-00C04F79EFBC}") = "Threads.EAP", "Threads.EAP\Threads.EAP.csproj", "{CC4DDE20-12C4-4DC0-80C0-10888088F158}"
EndProject
Project("{FAE04EC0-301F-11D3-BF4B-00C04F79EFBC}") = "Threads.TAP", "Threads.TAP\Threads.TAP.csproj", "{0C770222-6017-420D-9E18-27498CB1B766}"
EndProject
Project("{2150E333-8FDC-42A3-9474-1A3956D46DE8}") = "Approaches", "Approaches", "{FC1EE2D7-D171-45B9-9EEA-9DAD5196A5FF}"
EndProject
Project("{2150E333-8FDC-42A3-9474-1A3956D46DE8}") = "LockPrimitives", "LockPrimitives", "{102DF974-2317-49EB-9B3F-539E99C82CA6}"
EndProject
Project("{FAE04EC0-301F-11D3-BF4B-00C04F79EFBC}") = "Threads.Monitor", "Threads.Monitor\Threads.Monitor.csproj", "{0F905D83-6F95-4933-ABA0-801D3DD3F374}"
EndProject
Project("{FAE04EC0-301F-11D3-BF4B-00C04F79EFBC}") = "Threads.InterLocked", "Threads.InterLocked\Threads.InterLocked.csproj", "{5FFF7555-2BB1-4A35-AED1-D3500318624F}"
EndProject
Project("{FAE04EC0-301F-11D3-BF4B-00C04F79EFBC}") = "Threads.SpinLock", "Threads.SpinLock\Threads.SpinLock.csproj", "{2109F41C-9194-44BA-A5C6-6C8035528CA1}"
EndProject
Project("{FAE04EC0-301F-11D3-BF4B-00C04F79EFBC}") = "Threads.Mutex", "Threads.Mutex\Threads.Mutex.csproj", "{8477DAA8-A56B-4214-AB77-4D36ADF2F485}"
EndProject
Project("{FAE04EC0-301F-11D3-BF4B-00C04F79EFBC}") = "Threads.Declarative", "Threads.Declarative\Threads.Declarative.csproj", "{F6CD9E0B-19A6-49B4-94C6-CA6B96FA619A}"
EndProject
Project("{FAE04EC0-301F-11D3-BF4B-00C04F79EFBC}") = "Threads.ReaderWriterLock", "Threads.ReaderWriterLock\Threads.ReaderWriterLock.csproj", "{AE641967-8D22-4C94-A2D3-7117BE9779AD}"
EndProject
Project("{FAE04EC0-301F-11D3-BF4B-00C04F79EFBC}") = "Threads.ConcurrentCollections", "Threads.ConcurrentCollections\Threads.ConcurrentCollections.csproj", "{2A94EDFE-09A0-47A5-972F-9367C78B504F}"
EndProject
Project("{FAE04EC0-301F-11D3-BF4B-00C04F79EFBC}") = "Threads.FirstGenerationCollections", "Threads.FirstGenerationCollections\Threads.FirstGenerationCollections.csproj", "{CD4AD3D0-95FB-477C-8EA8-E1ED6685E5B3}"
EndProject
Project("{2150E333-8FDC-42A3-9474-1A3956D46DE8}") = "Coordination", "Coordination", "{2410992E-2ECA-4E19-9CAE-915A414DECAF}"
EndProject
Project("{FAE04EC0-301F-11D3-BF4B-00C04F79EFBC}") = "Threads.Continuations", "Threads.Continuations\Threads.Continuations.csproj", "{EB63B5D3-B492-4A0D-A31A-051D4C8B4005}"
EndProject
Project("{FAE04EC0-301F-11D3-BF4B-00C04F79EFBC}") = "Threads.ChildTasks", "Threads.ChildTasks\Threads.ChildTasks.csproj", "{F1430566-468D-4152-862E-F0F59DE943A1}"
EndProject
Project("{FAE04EC0-301F-11D3-BF4B-00C04F79EFBC}") = "Threads.Barrier", "Threads.Barrier\Threads.Barrier.csproj", "{4E45A740-F8F8-468A-9E44-92CAB6FFC9AD}"
EndProject
Project("{FAE04EC0-301F-11D3-BF4B-00C04F79EFBC}") = "Threads.CountDownEvent", "Threads.CountDownEvent\Threads.CountDownEvent.csproj", "{9565BF17-5054-451B-8EA9-595D317BDFA6}"
EndProject
Project("{FAE04EC0-301F-11D3-BF4B-00C04F79EFBC}") = "Threads.ManualResetEventSlim", "Threads.ManualResetEventSlim\Threads.ManualResetEventSlim.csproj", "{AEA3D53D-D66A-4B62-B2FD-CCD2B9C82448}"
EndProject
Project("{FAE04EC0-301F-11D3-BF4B-00C04F79EFBC}") = "Threads.AutoResetEvent", "Threads.AutoResetEvent\Threads.AutoResetEvent.csproj", "{FED230E5-6B11-45A9-8E67-C92A7BBBE1FD}"
EndProject
Project("{FAE04EC0-301F-11D3-BF4B-00C04F79EFBC}") = "Threads.SemaphoreSlim", "Threads.SemaphoreSlim\Threads.SemaphoreSlim.csproj", "{4252D3EC-9C71-4E14-A999-49564F5E1E5C}"
EndProject
Project("{FAE04EC0-301F-11D3-BF4B-00C04F79EFBC}") = "Threads.ProducerConsumer", "Threads.ProducerConsumer\Threads.ProducerConsumer.csproj", "{CF192D8D-0FC3-4728-A093-090D82696350}"
EndProject
Project("{FAE04EC0-301F-11D3-BF4B-00C04F79EFBC}") = "Threads.CustomTaskScheduler", "Threads.CustomTaskScheduler\Threads.CustomTaskScheduler.csproj", "{8A302D38-2418-4C88-AD85-93C29A93865A}"
EndProject
Project("{2150E333-8FDC-42A3-9474-1A3956D46DE8}") = "ParallelLoops", "ParallelLoops", "{7948DB34-E58F-47E7-9F36-FB0463E6453E}"
EndProject
Project("{FAE04EC0-301F-11D3-BF4B-00C04F79EFBC}") = "Threads.Parallel", "Threads.Parallel\Threads.Parallel.csproj", "{448E8170-D5B0-46D3-BDE4-F72413D616E1}"
EndProject
Project("{2150E333-8FDC-42A3-9474-1A3956D46DE8}") = "ParallelLinq", "ParallelLinq", "{C51CBDBC-46D1-4F30-A7F9-32AAFC8FA71A}"
EndProject
Project("{FAE04EC0-301F-11D3-BF4B-00C04F79EFBC}") = "Threads.Linq", "Threads.Linq\Threads.Linq.csproj", "{0564CF91-1494-4359-B938-051E1D2CD039}"
EndProject
Project("{2150E333-8FDC-42A3-9474-1A3956D46DE8}") = "Utilities", "Utilities", "{25292DA8-2878-4B19-867D-090BE4AF45BD}"
EndProject
Project("{FAE04EC0-301F-11D3-BF4B-00C04F79EFBC}") = "Threads.Performance", "Threads.Performance\Threads.Performance.csproj", "{151392C5-EFD5-4122-8CAC-AEE336E9084F}"
EndProject
Project("{2150E333-8FDC-42A3-9474-1A3956D46DE8}") = "Algorithms", "Algorithms", "{E1309453-4969-4B22-AB8C-FBC7E031C7B8}"
EndProject
Project("{FAE04EC0-301F-11D3-BF4B-00C04F79EFBC}") = "Threads.QuickSort", "Threads.QuickSort\Threads.QuickSort.csproj", "{5913DCA9-8CCD-49F5-93B8-A5A2B3C9FC4D}"
EndProject
Project("{FAE04EC0-301F-11D3-BF4B-00C04F79EFBC}") = "Threads.ParallelTree", "Threads.TraversingParallelTree\Threads.ParallelTree.csproj", "{27699F0E-928A-4745-9AEF-CFEBE6E8C4B6}"
EndProject
Project("{FAE04EC0-301F-11D3-BF4B-00C04F79EFBC}") = "Threads.Cache", "Threads.Cache\Threads.Cache.csproj", "{523369A3-D577-45DC-B986-12DE88874D20}"
EndProject
Project("{FAE04EC0-301F-11D3-BF4B-00C04F79EFBC}") = "Threads.MapReduce", "Threads.MapReduce\Threads.MapReduce.csproj", "{2F96BDD1-ACEF-4B49-B14E-6A94A039BC77}"
EndProject
Project("{FAE04EC0-301F-11D3-BF4B-00C04F79EFBC}") = "Threads.SpeculativeProcessing", "Threads.SpeculativeProcessing\Threads.SpeculativeProcessing.csproj", "{F37A5DB6-D044-4437-AE43-B51C9BBF58B2}"
EndProject
Project("{FAE04EC0-301F-11D3-BF4B-00C04F79EFBC}") = "Threads.Decoupled", "Threads.Decoupled\Threads.Decoupled.csproj", "{7221048F-E67A-4EF5-B72B-86F2BE5775E9}"
EndProject
Project("{FAE04EC0-301F-11D3-BF4B-00C04F79EFBC}") = "Threads.Pipeline", "Threads.Pipeline\Threads.Pipeline.csproj", "{DEE4CB8C-1DD1-4D48-AF42-027100A050C6}"
EndProject
Global
	GlobalSection(SolutionConfigurationPlatforms) = preSolution
		Debug|Any CPU = Debug|Any CPU
		Release|Any CPU = Release|Any CPU
	EndGlobalSection
	GlobalSection(ProjectConfigurationPlatforms) = postSolution
		{C72C4FF1-C718-44B5-A384-AD5E79D6D575}.Debug|Any CPU.ActiveCfg = Debug|Any CPU
		{C72C4FF1-C718-44B5-A384-AD5E79D6D575}.Debug|Any CPU.Build.0 = Debug|Any CPU
		{C72C4FF1-C718-44B5-A384-AD5E79D6D575}.Release|Any CPU.ActiveCfg = Release|Any CPU
		{C72C4FF1-C718-44B5-A384-AD5E79D6D575}.Release|Any CPU.Build.0 = Release|Any CPU
		{D2CD5E6A-ADE3-40D6-B52D-E1B7EE8B1FE9}.Debug|Any CPU.ActiveCfg = Debug|Any CPU
		{D2CD5E6A-ADE3-40D6-B52D-E1B7EE8B1FE9}.Debug|Any CPU.Build.0 = Debug|Any CPU
		{D2CD5E6A-ADE3-40D6-B52D-E1B7EE8B1FE9}.Release|Any CPU.ActiveCfg = Release|Any CPU
		{D2CD5E6A-ADE3-40D6-B52D-E1B7EE8B1FE9}.Release|Any CPU.Build.0 = Release|Any CPU
		{CC4DDE20-12C4-4DC0-80C0-10888088F158}.Debug|Any CPU.ActiveCfg = Debug|Any CPU
		{CC4DDE20-12C4-4DC0-80C0-10888088F158}.Debug|Any CPU.Build.0 = Debug|Any CPU
		{CC4DDE20-12C4-4DC0-80C0-10888088F158}.Release|Any CPU.ActiveCfg = Release|Any CPU
		{CC4DDE20-12C4-4DC0-80C0-10888088F158}.Release|Any CPU.Build.0 = Release|Any CPU
		{0C770222-6017-420D-9E18-27498CB1B766}.Debug|Any CPU.ActiveCfg = Debug|Any CPU
		{0C770222-6017-420D-9E18-27498CB1B766}.Debug|Any CPU.Build.0 = Debug|Any CPU
		{0C770222-6017-420D-9E18-27498CB1B766}.Release|Any CPU.ActiveCfg = Release|Any CPU
		{0C770222-6017-420D-9E18-27498CB1B766}.Release|Any CPU.Build.0 = Release|Any CPU
		{0F905D83-6F95-4933-ABA0-801D3DD3F374}.Debug|Any CPU.ActiveCfg = Debug|Any CPU
		{0F905D83-6F95-4933-ABA0-801D3DD3F374}.Debug|Any CPU.Build.0 = Debug|Any CPU
		{0F905D83-6F95-4933-ABA0-801D3DD3F374}.Release|Any CPU.ActiveCfg = Release|Any CPU
		{0F905D83-6F95-4933-ABA0-801D3DD3F374}.Release|Any CPU.Build.0 = Release|Any CPU
		{5FFF7555-2BB1-4A35-AED1-D3500318624F}.Debug|Any CPU.ActiveCfg = Debug|Any CPU
		{5FFF7555-2BB1-4A35-AED1-D3500318624F}.Debug|Any CPU.Build.0 = Debug|Any CPU
		{5FFF7555-2BB1-4A35-AED1-D3500318624F}.Release|Any CPU.ActiveCfg = Release|Any CPU
		{5FFF7555-2BB1-4A35-AED1-D3500318624F}.Release|Any CPU.Build.0 = Release|Any CPU
		{2109F41C-9194-44BA-A5C6-6C8035528CA1}.Debug|Any CPU.ActiveCfg = Debug|Any CPU
		{2109F41C-9194-44BA-A5C6-6C8035528CA1}.Debug|Any CPU.Build.0 = Debug|Any CPU
		{2109F41C-9194-44BA-A5C6-6C8035528CA1}.Release|Any CPU.ActiveCfg = Release|Any CPU
		{2109F41C-9194-44BA-A5C6-6C8035528CA1}.Release|Any CPU.Build.0 = Release|Any CPU
		{8477DAA8-A56B-4214-AB77-4D36ADF2F485}.Debug|Any CPU.ActiveCfg = Debug|Any CPU
		{8477DAA8-A56B-4214-AB77-4D36ADF2F485}.Debug|Any CPU.Build.0 = Debug|Any CPU
		{8477DAA8-A56B-4214-AB77-4D36ADF2F485}.Release|Any CPU.ActiveCfg = Release|Any CPU
		{8477DAA8-A56B-4214-AB77-4D36ADF2F485}.Release|Any CPU.Build.0 = Release|Any CPU
		{F6CD9E0B-19A6-49B4-94C6-CA6B96FA619A}.Debug|Any CPU.ActiveCfg = Debug|Any CPU
		{F6CD9E0B-19A6-49B4-94C6-CA6B96FA619A}.Debug|Any CPU.Build.0 = Debug|Any CPU
		{F6CD9E0B-19A6-49B4-94C6-CA6B96FA619A}.Release|Any CPU.ActiveCfg = Release|Any CPU
		{F6CD9E0B-19A6-49B4-94C6-CA6B96FA619A}.Release|Any CPU.Build.0 = Release|Any CPU
		{AE641967-8D22-4C94-A2D3-7117BE9779AD}.Debug|Any CPU.ActiveCfg = Debug|Any CPU
		{AE641967-8D22-4C94-A2D3-7117BE9779AD}.Debug|Any CPU.Build.0 = Debug|Any CPU
		{AE641967-8D22-4C94-A2D3-7117BE9779AD}.Release|Any CPU.ActiveCfg = Release|Any CPU
		{AE641967-8D22-4C94-A2D3-7117BE9779AD}.Release|Any CPU.Build.0 = Release|Any CPU
		{2A94EDFE-09A0-47A5-972F-9367C78B504F}.Debug|Any CPU.ActiveCfg = Debug|Any CPU
		{2A94EDFE-09A0-47A5-972F-9367C78B504F}.Debug|Any CPU.Build.0 = Debug|Any CPU
		{2A94EDFE-09A0-47A5-972F-9367C78B504F}.Release|Any CPU.ActiveCfg = Release|Any CPU
		{2A94EDFE-09A0-47A5-972F-9367C78B504F}.Release|Any CPU.Build.0 = Release|Any CPU
		{CD4AD3D0-95FB-477C-8EA8-E1ED6685E5B3}.Debug|Any CPU.ActiveCfg = Debug|Any CPU
		{CD4AD3D0-95FB-477C-8EA8-E1ED6685E5B3}.Debug|Any CPU.Build.0 = Debug|Any CPU
		{CD4AD3D0-95FB-477C-8EA8-E1ED6685E5B3}.Release|Any CPU.ActiveCfg = Release|Any CPU
		{CD4AD3D0-95FB-477C-8EA8-E1ED6685E5B3}.Release|Any CPU.Build.0 = Release|Any CPU
		{EB63B5D3-B492-4A0D-A31A-051D4C8B4005}.Debug|Any CPU.ActiveCfg = Debug|Any CPU
		{EB63B5D3-B492-4A0D-A31A-051D4C8B4005}.Debug|Any CPU.Build.0 = Debug|Any CPU
		{EB63B5D3-B492-4A0D-A31A-051D4C8B4005}.Release|Any CPU.ActiveCfg = Release|Any CPU
		{EB63B5D3-B492-4A0D-A31A-051D4C8B4005}.Release|Any CPU.Build.0 = Release|Any CPU
		{F1430566-468D-4152-862E-F0F59DE943A1}.Debug|Any CPU.ActiveCfg = Debug|Any CPU
		{F1430566-468D-4152-862E-F0F59DE943A1}.Debug|Any CPU.Build.0 = Debug|Any CPU
		{F1430566-468D-4152-862E-F0F59DE943A1}.Release|Any CPU.ActiveCfg = Release|Any CPU
		{F1430566-468D-4152-862E-F0F59DE943A1}.Release|Any CPU.Build.0 = Release|Any CPU
		{4E45A740-F8F8-468A-9E44-92CAB6FFC9AD}.Debug|Any CPU.ActiveCfg = Debug|Any CPU
		{4E45A740-F8F8-468A-9E44-92CAB6FFC9AD}.Debug|Any CPU.Build.0 = Debug|Any CPU
		{4E45A740-F8F8-468A-9E44-92CAB6FFC9AD}.Release|Any CPU.ActiveCfg = Release|Any CPU
		{4E45A740-F8F8-468A-9E44-92CAB6FFC9AD}.Release|Any CPU.Build.0 = Release|Any CPU
		{9565BF17-5054-451B-8EA9-595D317BDFA6}.Debug|Any CPU.ActiveCfg = Debug|Any CPU
		{9565BF17-5054-451B-8EA9-595D317BDFA6}.Debug|Any CPU.Build.0 = Debug|Any CPU
		{9565BF17-5054-451B-8EA9-595D317BDFA6}.Release|Any CPU.ActiveCfg = Release|Any CPU
		{9565BF17-5054-451B-8EA9-595D317BDFA6}.Release|Any CPU.Build.0 = Release|Any CPU
		{AEA3D53D-D66A-4B62-B2FD-CCD2B9C82448}.Debug|Any CPU.ActiveCfg = Debug|Any CPU
		{AEA3D53D-D66A-4B62-B2FD-CCD2B9C82448}.Debug|Any CPU.Build.0 = Debug|Any CPU
		{AEA3D53D-D66A-4B62-B2FD-CCD2B9C82448}.Release|Any CPU.ActiveCfg = Release|Any CPU
		{AEA3D53D-D66A-4B62-B2FD-CCD2B9C82448}.Release|Any CPU.Build.0 = Release|Any CPU
		{FED230E5-6B11-45A9-8E67-C92A7BBBE1FD}.Debug|Any CPU.ActiveCfg = Debug|Any CPU
		{FED230E5-6B11-45A9-8E67-C92A7BBBE1FD}.Debug|Any CPU.Build.0 = Debug|Any CPU
		{FED230E5-6B11-45A9-8E67-C92A7BBBE1FD}.Release|Any CPU.ActiveCfg = Release|Any CPU
		{FED230E5-6B11-45A9-8E67-C92A7BBBE1FD}.Release|Any CPU.Build.0 = Release|Any CPU
		{4252D3EC-9C71-4E14-A999-49564F5E1E5C}.Debug|Any CPU.ActiveCfg = Debug|Any CPU
		{4252D3EC-9C71-4E14-A999-49564F5E1E5C}.Debug|Any CPU.Build.0 = Debug|Any CPU
		{4252D3EC-9C71-4E14-A999-49564F5E1E5C}.Release|Any CPU.ActiveCfg = Release|Any CPU
		{4252D3EC-9C71-4E14-A999-49564F5E1E5C}.Release|Any CPU.Build.0 = Release|Any CPU
		{CF192D8D-0FC3-4728-A093-090D82696350}.Debug|Any CPU.ActiveCfg = Debug|Any CPU
		{CF192D8D-0FC3-4728-A093-090D82696350}.Debug|Any CPU.Build.0 = Debug|Any CPU
		{CF192D8D-0FC3-4728-A093-090D82696350}.Release|Any CPU.ActiveCfg = Release|Any CPU
		{CF192D8D-0FC3-4728-A093-090D82696350}.Release|Any CPU.Build.0 = Release|Any CPU
		{8A302D38-2418-4C88-AD85-93C29A93865A}.Debug|Any CPU.ActiveCfg = Debug|Any CPU
		{8A302D38-2418-4C88-AD85-93C29A93865A}.Debug|Any CPU.Build.0 = Debug|Any CPU
		{8A302D38-2418-4C88-AD85-93C29A93865A}.Release|Any CPU.ActiveCfg = Release|Any CPU
		{8A302D38-2418-4C88-AD85-93C29A93865A}.Release|Any CPU.Build.0 = Release|Any CPU
		{448E8170-D5B0-46D3-BDE4-F72413D616E1}.Debug|Any CPU.ActiveCfg = Debug|Any CPU
		{448E8170-D5B0-46D3-BDE4-F72413D616E1}.Debug|Any CPU.Build.0 = Debug|Any CPU
		{448E8170-D5B0-46D3-BDE4-F72413D616E1}.Release|Any CPU.ActiveCfg = Release|Any CPU
		{448E8170-D5B0-46D3-BDE4-F72413D616E1}.Release|Any CPU.Build.0 = Release|Any CPU
		{0564CF91-1494-4359-B938-051E1D2CD039}.Debug|Any CPU.ActiveCfg = Debug|Any CPU
		{0564CF91-1494-4359-B938-051E1D2CD039}.Debug|Any CPU.Build.0 = Debug|Any CPU
		{0564CF91-1494-4359-B938-051E1D2CD039}.Release|Any CPU.ActiveCfg = Release|Any CPU
		{0564CF91-1494-4359-B938-051E1D2CD039}.Release|Any CPU.Build.0 = Release|Any CPU
		{151392C5-EFD5-4122-8CAC-AEE336E9084F}.Debug|Any CPU.ActiveCfg = Debug|Any CPU
		{151392C5-EFD5-4122-8CAC-AEE336E9084F}.Debug|Any CPU.Build.0 = Debug|Any CPU
		{151392C5-EFD5-4122-8CAC-AEE336E9084F}.Release|Any CPU.ActiveCfg = Release|Any CPU
		{151392C5-EFD5-4122-8CAC-AEE336E9084F}.Release|Any CPU.Build.0 = Release|Any CPU
		{5913DCA9-8CCD-49F5-93B8-A5A2B3C9FC4D}.Debug|Any CPU.ActiveCfg = Debug|Any CPU
		{5913DCA9-8CCD-49F5-93B8-A5A2B3C9FC4D}.Debug|Any CPU.Build.0 = Debug|Any CPU
		{5913DCA9-8CCD-49F5-93B8-A5A2B3C9FC4D}.Release|Any CPU.ActiveCfg = Release|Any CPU
		{5913DCA9-8CCD-49F5-93B8-A5A2B3C9FC4D}.Release|Any CPU.Build.0 = Release|Any CPU
		{27699F0E-928A-4745-9AEF-CFEBE6E8C4B6}.Debug|Any CPU.ActiveCfg = Debug|Any CPU
		{27699F0E-928A-4745-9AEF-CFEBE6E8C4B6}.Debug|Any CPU.Build.0 = Debug|Any CPU
		{27699F0E-928A-4745-9AEF-CFEBE6E8C4B6}.Release|Any CPU.ActiveCfg = Release|Any CPU
		{27699F0E-928A-4745-9AEF-CFEBE6E8C4B6}.Release|Any CPU.Build.0 = Release|Any CPU
		{523369A3-D577-45DC-B986-12DE88874D20}.Debug|Any CPU.ActiveCfg = Debug|Any CPU
		{523369A3-D577-45DC-B986-12DE88874D20}.Debug|Any CPU.Build.0 = Debug|Any CPU
		{523369A3-D577-45DC-B986-12DE88874D20}.Release|Any CPU.ActiveCfg = Release|Any CPU
		{523369A3-D577-45DC-B986-12DE88874D20}.Release|Any CPU.Build.0 = Release|Any CPU
		{2F96BDD1-ACEF-4B49-B14E-6A94A039BC77}.Debug|Any CPU.ActiveCfg = Debug|Any CPU
		{2F96BDD1-ACEF-4B49-B14E-6A94A039BC77}.Debug|Any CPU.Build.0 = Debug|Any CPU
		{2F96BDD1-ACEF-4B49-B14E-6A94A039BC77}.Release|Any CPU.ActiveCfg = Release|Any CPU
		{2F96BDD1-ACEF-4B49-B14E-6A94A039BC77}.Release|Any CPU.Build.0 = Release|Any CPU
		{F37A5DB6-D044-4437-AE43-B51C9BBF58B2}.Debug|Any CPU.ActiveCfg = Debug|Any CPU
		{F37A5DB6-D044-4437-AE43-B51C9BBF58B2}.Debug|Any CPU.Build.0 = Debug|Any CPU
		{F37A5DB6-D044-4437-AE43-B51C9BBF58B2}.Release|Any CPU.ActiveCfg = Release|Any CPU
		{F37A5DB6-D044-4437-AE43-B51C9BBF58B2}.Release|Any CPU.Build.0 = Release|Any CPU
		{7221048F-E67A-4EF5-B72B-86F2BE5775E9}.Debug|Any CPU.ActiveCfg = Debug|Any CPU
		{7221048F-E67A-4EF5-B72B-86F2BE5775E9}.Debug|Any CPU.Build.0 = Debug|Any CPU
		{7221048F-E67A-4EF5-B72B-86F2BE5775E9}.Release|Any CPU.ActiveCfg = Release|Any CPU
		{7221048F-E67A-4EF5-B72B-86F2BE5775E9}.Release|Any CPU.Build.0 = Release|Any CPU
		{DEE4CB8C-1DD1-4D48-AF42-027100A050C6}.Debug|Any CPU.ActiveCfg = Debug|Any CPU
		{DEE4CB8C-1DD1-4D48-AF42-027100A050C6}.Debug|Any CPU.Build.0 = Debug|Any CPU
		{DEE4CB8C-1DD1-4D48-AF42-027100A050C6}.Release|Any CPU.ActiveCfg = Release|Any CPU
		{DEE4CB8C-1DD1-4D48-AF42-027100A050C6}.Release|Any CPU.Build.0 = Release|Any CPU
	EndGlobalSection
	GlobalSection(SolutionProperties) = preSolution
		HideSolutionNode = FALSE
	EndGlobalSection
	GlobalSection(NestedProjects) = preSolution
		{CC4DDE20-12C4-4DC0-80C0-10888088F158} = {FC1EE2D7-D171-45B9-9EEA-9DAD5196A5FF}
		{0C770222-6017-420D-9E18-27498CB1B766} = {FC1EE2D7-D171-45B9-9EEA-9DAD5196A5FF}
		{D2CD5E6A-ADE3-40D6-B52D-E1B7EE8B1FE9} = {FC1EE2D7-D171-45B9-9EEA-9DAD5196A5FF}
		{0F905D83-6F95-4933-ABA0-801D3DD3F374} = {102DF974-2317-49EB-9B3F-539E99C82CA6}
		{5FFF7555-2BB1-4A35-AED1-D3500318624F} = {102DF974-2317-49EB-9B3F-539E99C82CA6}
		{2109F41C-9194-44BA-A5C6-6C8035528CA1} = {102DF974-2317-49EB-9B3F-539E99C82CA6}
		{8477DAA8-A56B-4214-AB77-4D36ADF2F485} = {102DF974-2317-49EB-9B3F-539E99C82CA6}
		{F6CD9E0B-19A6-49B4-94C6-CA6B96FA619A} = {102DF974-2317-49EB-9B3F-539E99C82CA6}
		{AE641967-8D22-4C94-A2D3-7117BE9779AD} = {102DF974-2317-49EB-9B3F-539E99C82CA6}
		{2A94EDFE-09A0-47A5-972F-9367C78B504F} = {102DF974-2317-49EB-9B3F-539E99C82CA6}
		{CD4AD3D0-95FB-477C-8EA8-E1ED6685E5B3} = {102DF974-2317-49EB-9B3F-539E99C82CA6}
		{EB63B5D3-B492-4A0D-A31A-051D4C8B4005} = {2410992E-2ECA-4E19-9CAE-915A414DECAF}
		{F1430566-468D-4152-862E-F0F59DE943A1} = {2410992E-2ECA-4E19-9CAE-915A414DECAF}
		{4E45A740-F8F8-468A-9E44-92CAB6FFC9AD} = {2410992E-2ECA-4E19-9CAE-915A414DECAF}
		{9565BF17-5054-451B-8EA9-595D317BDFA6} = {2410992E-2ECA-4E19-9CAE-915A414DECAF}
		{AEA3D53D-D66A-4B62-B2FD-CCD2B9C82448} = {2410992E-2ECA-4E19-9CAE-915A414DECAF}
		{FED230E5-6B11-45A9-8E67-C92A7BBBE1FD} = {2410992E-2ECA-4E19-9CAE-915A414DECAF}
		{4252D3EC-9C71-4E14-A999-49564F5E1E5C} = {2410992E-2ECA-4E19-9CAE-915A414DECAF}
		{CF192D8D-0FC3-4728-A093-090D82696350} = {2410992E-2ECA-4E19-9CAE-915A414DECAF}
		{8A302D38-2418-4C88-AD85-93C29A93865A} = {2410992E-2ECA-4E19-9CAE-915A414DECAF}
		{448E8170-D5B0-46D3-BDE4-F72413D616E1} = {7948DB34-E58F-47E7-9F36-FB0463E6453E}
		{0564CF91-1494-4359-B938-051E1D2CD039} = {C51CBDBC-46D1-4F30-A7F9-32AAFC8FA71A}
		{151392C5-EFD5-4122-8CAC-AEE336E9084F} = {25292DA8-2878-4B19-867D-090BE4AF45BD}
		{5913DCA9-8CCD-49F5-93B8-A5A2B3C9FC4D} = {E1309453-4969-4B22-AB8C-FBC7E031C7B8}
		{27699F0E-928A-4745-9AEF-CFEBE6E8C4B6} = {E1309453-4969-4B22-AB8C-FBC7E031C7B8}
		{523369A3-D577-45DC-B986-12DE88874D20} = {E1309453-4969-4B22-AB8C-FBC7E031C7B8}
		{2F96BDD1-ACEF-4B49-B14E-6A94A039BC77} = {E1309453-4969-4B22-AB8C-FBC7E031C7B8}
		{F37A5DB6-D044-4437-AE43-B51C9BBF58B2} = {E1309453-4969-4B22-AB8C-FBC7E031C7B8}
		{7221048F-E67A-4EF5-B72B-86F2BE5775E9} = {E1309453-4969-4B22-AB8C-FBC7E031C7B8}
		{DEE4CB8C-1DD1-4D48-AF42-027100A050C6} = {E1309453-4969-4B22-AB8C-FBC7E031C7B8}
	EndGlobalSection
	GlobalSection(Performance) = preSolution
		HasPerformanceSessions = true
	EndGlobalSection
EndGlobal
